
Microsoft Visual Studio Solution File, Format Version 12.00
# Visual Studio Version 16
VisualStudioVersion = 16.0.30717.126
MinimumVisualStudioVersion = 10.0.40219.1
Project("{FAE04EC0-301F-11D3-BF4B-00C04F79EFBC}") = "PruebaDeConexion", "PruebaDeConexion\PruebaDeConexion.csproj", "{9FEFD475-64BA-4992-93D0-BBF396751987}"
EndProject
Global
	GlobalSection(SolutionConfigurationPlatforms) = preSolution
		Debug|Any CPU = Debug|Any CPU
		Release|Any CPU = Release|Any CPU
	EndGlobalSection
	GlobalSection(ProjectConfigurationPlatforms) = postSolution
		{9FEFD475-64BA-4992-93D0-BBF396751987}.Debug|Any CPU.ActiveCfg = Debug|Any CPU
		{9FEFD475-64BA-4992-93D0-BBF396751987}.Debug|Any CPU.Build.0 = Debug|Any CPU
		{9FEFD475-64BA-4992-93D0-BBF396751987}.Release|Any CPU.ActiveCfg = Release|Any CPU
		{9FEFD475-64BA-4992-93D0-BBF396751987}.Release|Any CPU.Build.0 = Release|Any CPU
	EndGlobalSection
	GlobalSection(SolutionProperties) = preSolution
		HideSolutionNode = FALSE
	EndGlobalSection
	GlobalSection(ExtensibilityGlobals) = postSolution
		SolutionGuid = {ECAE0B1A-39E0-4E3C-ADCE-9CF696E31C67}
	EndGlobalSection
EndGlobal
